
Microsoft Visual Studio Solution File, Format Version 12.00
# Visual Studio 15
VisualStudioVersion = 15.0.26730.16
MinimumVisualStudioVersion = 10.0.40219.1
Project("{FAE04EC0-301F-11D3-BF4B-00C04F79EFBC}") = "Aufgabe2", "Aufgabe2\Aufgabe2.csproj", "{79C2D174-88FC-42EE-8924-E73B2059DD12}"
EndProject
Project("{FAE04EC0-301F-11D3-BF4B-00C04F79EFBC}") = "WpfOpenGlLibrary", "WpfOpenGlLibrary\WpfOpenGlLibrary.csproj", "{BE47DDF6-E25F-41A9-A059-65834D8F663B}"
EndProject
Project("{FAE04EC0-301F-11D3-BF4B-00C04F79EFBC}") = "Aufgabe1", "Aufgabe1\Aufgabe1.csproj", "{7AFE3A57-6249-4AF8-8A60-B39929DF0E80}"
EndProject
Global
	GlobalSection(SolutionConfigurationPlatforms) = preSolution
		Debug|Any CPU = Debug|Any CPU
		Release|Any CPU = Release|Any CPU
	EndGlobalSection
	GlobalSection(ProjectConfigurationPlatforms) = postSolution
		{79C2D174-88FC-42EE-8924-E73B2059DD12}.Debug|Any CPU.ActiveCfg = Debug|Any CPU
		{79C2D174-88FC-42EE-8924-E73B2059DD12}.Debug|Any CPU.Build.0 = Debug|Any CPU
		{79C2D174-88FC-42EE-8924-E73B2059DD12}.Release|Any CPU.ActiveCfg = Release|Any CPU
		{79C2D174-88FC-42EE-8924-E73B2059DD12}.Release|Any CPU.Build.0 = Release|Any CPU
		{BE47DDF6-E25F-41A9-A059-65834D8F663B}.Debug|Any CPU.ActiveCfg = Debug|Any CPU
		{BE47DDF6-E25F-41A9-A059-65834D8F663B}.Debug|Any CPU.Build.0 = Debug|Any CPU
		{BE47DDF6-E25F-41A9-A059-65834D8F663B}.Release|Any CPU.ActiveCfg = Release|Any CPU
		{BE47DDF6-E25F-41A9-A059-65834D8F663B}.Release|Any CPU.Build.0 = Release|Any CPU
		{7AFE3A57-6249-4AF8-8A60-B39929DF0E80}.Debug|Any CPU.ActiveCfg = Debug|Any CPU
		{7AFE3A57-6249-4AF8-8A60-B39929DF0E80}.Debug|Any CPU.Build.0 = Debug|Any CPU
		{7AFE3A57-6249-4AF8-8A60-B39929DF0E80}.Release|Any CPU.ActiveCfg = Release|Any CPU
		{7AFE3A57-6249-4AF8-8A60-B39929DF0E80}.Release|Any CPU.Build.0 = Release|Any CPU
	EndGlobalSection
	GlobalSection(SolutionProperties) = preSolution
		HideSolutionNode = FALSE
	EndGlobalSection
	GlobalSection(ExtensibilityGlobals) = postSolution
		SolutionGuid = {B38BA80E-E4EF-4AAC-848E-3CA9625D43F0}
	EndGlobalSection
EndGlobal
