
Microsoft Visual Studio Solution File, Format Version 12.00
# Visual Studio 15
VisualStudioVersion = 15.0.27130.2003
MinimumVisualStudioVersion = 10.0.40219.1
Project("{FAE04EC0-301F-11D3-BF4B-00C04F79EFBC}") = "Aufgabe2", "Aufgabe2\Aufgabe2.csproj", "{79C2D174-88FC-42EE-8924-E73B2059DD12}"
EndProject
Project("{FAE04EC0-301F-11D3-BF4B-00C04F79EFBC}") = "WpfOpenGlLibrary", "WpfOpenGlLibrary\WpfOpenGlLibrary.csproj", "{BE47DDF6-E25F-41A9-A059-65834D8F663B}"
EndProject
Project("{FAE04EC0-301F-11D3-BF4B-00C04F79EFBC}") = "Aufgabe1", "Aufgabe1\Aufgabe1.csproj", "{7AFE3A57-6249-4AF8-8A60-B39929DF0E80}"
EndProject
Project("{FAE04EC0-301F-11D3-BF4B-00C04F79EFBC}") = "Aufgabe3", "Aufgabe3\Aufgabe3.csproj", "{7C299799-E0C2-4655-9AAF-B908DF0D08FA}"
EndProject
Project("{FAE04EC0-301F-11D3-BF4B-00C04F79EFBC}") = "Kepler", "Kepler\Kepler.csproj", "{6997D7FA-3AAD-4FFA-8A57-548E608F85D6}"
EndProject
Project("{FAE04EC0-301F-11D3-BF4B-00C04F79EFBC}") = "Aufgabe4", "Aufgabe4\Aufgabe4.csproj", "{F7EF536F-23F1-41C1-90EE-13C94A2D48A3}"
EndProject
Project("{FAE04EC0-301F-11D3-BF4B-00C04F79EFBC}") = "Spiralbahn", "Spiralbahn\Spiralbahn.csproj", "{09B6F0E4-6684-430A-AC59-FB43DDC2CCAE}"
EndProject
Project("{FAE04EC0-301F-11D3-BF4B-00C04F79EFBC}") = "Aufgabe5", "Aufgabe5\Aufgabe5.csproj", "{70F64C9B-543F-4952-83CA-4CF4F97C147F}"
EndProject
Project("{FAE04EC0-301F-11D3-BF4B-00C04F79EFBC}") = "SlerpTest", "SlerpTest\SlerpTest.csproj", "{0F01EF0A-6D4C-49DD-972B-AA9F0E9576FA}"
EndProject
Global
	GlobalSection(SolutionConfigurationPlatforms) = preSolution
		Debug|Any CPU = Debug|Any CPU
		Release|Any CPU = Release|Any CPU
	EndGlobalSection
	GlobalSection(ProjectConfigurationPlatforms) = postSolution
		{79C2D174-88FC-42EE-8924-E73B2059DD12}.Debug|Any CPU.ActiveCfg = Debug|Any CPU
		{79C2D174-88FC-42EE-8924-E73B2059DD12}.Debug|Any CPU.Build.0 = Debug|Any CPU
		{79C2D174-88FC-42EE-8924-E73B2059DD12}.Release|Any CPU.ActiveCfg = Release|Any CPU
		{79C2D174-88FC-42EE-8924-E73B2059DD12}.Release|Any CPU.Build.0 = Release|Any CPU
		{BE47DDF6-E25F-41A9-A059-65834D8F663B}.Debug|Any CPU.ActiveCfg = Debug|Any CPU
		{BE47DDF6-E25F-41A9-A059-65834D8F663B}.Debug|Any CPU.Build.0 = Debug|Any CPU
		{BE47DDF6-E25F-41A9-A059-65834D8F663B}.Release|Any CPU.ActiveCfg = Release|Any CPU
		{BE47DDF6-E25F-41A9-A059-65834D8F663B}.Release|Any CPU.Build.0 = Release|Any CPU
		{7AFE3A57-6249-4AF8-8A60-B39929DF0E80}.Debug|Any CPU.ActiveCfg = Debug|Any CPU
		{7AFE3A57-6249-4AF8-8A60-B39929DF0E80}.Debug|Any CPU.Build.0 = Debug|Any CPU
		{7AFE3A57-6249-4AF8-8A60-B39929DF0E80}.Release|Any CPU.ActiveCfg = Release|Any CPU
		{7AFE3A57-6249-4AF8-8A60-B39929DF0E80}.Release|Any CPU.Build.0 = Release|Any CPU
		{7C299799-E0C2-4655-9AAF-B908DF0D08FA}.Debug|Any CPU.ActiveCfg = Debug|Any CPU
		{7C299799-E0C2-4655-9AAF-B908DF0D08FA}.Debug|Any CPU.Build.0 = Debug|Any CPU
		{7C299799-E0C2-4655-9AAF-B908DF0D08FA}.Release|Any CPU.ActiveCfg = Release|Any CPU
		{7C299799-E0C2-4655-9AAF-B908DF0D08FA}.Release|Any CPU.Build.0 = Release|Any CPU
		{6997D7FA-3AAD-4FFA-8A57-548E608F85D6}.Debug|Any CPU.ActiveCfg = Debug|Any CPU
		{6997D7FA-3AAD-4FFA-8A57-548E608F85D6}.Debug|Any CPU.Build.0 = Debug|Any CPU
		{6997D7FA-3AAD-4FFA-8A57-548E608F85D6}.Release|Any CPU.ActiveCfg = Release|Any CPU
		{6997D7FA-3AAD-4FFA-8A57-548E608F85D6}.Release|Any CPU.Build.0 = Release|Any CPU
		{F7EF536F-23F1-41C1-90EE-13C94A2D48A3}.Debug|Any CPU.ActiveCfg = Debug|Any CPU
		{F7EF536F-23F1-41C1-90EE-13C94A2D48A3}.Debug|Any CPU.Build.0 = Debug|Any CPU
		{F7EF536F-23F1-41C1-90EE-13C94A2D48A3}.Release|Any CPU.ActiveCfg = Release|Any CPU
		{F7EF536F-23F1-41C1-90EE-13C94A2D48A3}.Release|Any CPU.Build.0 = Release|Any CPU
		{09B6F0E4-6684-430A-AC59-FB43DDC2CCAE}.Debug|Any CPU.ActiveCfg = Debug|Any CPU
		{09B6F0E4-6684-430A-AC59-FB43DDC2CCAE}.Debug|Any CPU.Build.0 = Debug|Any CPU
		{09B6F0E4-6684-430A-AC59-FB43DDC2CCAE}.Release|Any CPU.ActiveCfg = Release|Any CPU
		{09B6F0E4-6684-430A-AC59-FB43DDC2CCAE}.Release|Any CPU.Build.0 = Release|Any CPU
		{70F64C9B-543F-4952-83CA-4CF4F97C147F}.Debug|Any CPU.ActiveCfg = Debug|Any CPU
		{70F64C9B-543F-4952-83CA-4CF4F97C147F}.Debug|Any CPU.Build.0 = Debug|Any CPU
		{70F64C9B-543F-4952-83CA-4CF4F97C147F}.Release|Any CPU.ActiveCfg = Release|Any CPU
		{70F64C9B-543F-4952-83CA-4CF4F97C147F}.Release|Any CPU.Build.0 = Release|Any CPU
		{0F01EF0A-6D4C-49DD-972B-AA9F0E9576FA}.Debug|Any CPU.ActiveCfg = Debug|Any CPU
		{0F01EF0A-6D4C-49DD-972B-AA9F0E9576FA}.Debug|Any CPU.Build.0 = Debug|Any CPU
		{0F01EF0A-6D4C-49DD-972B-AA9F0E9576FA}.Release|Any CPU.ActiveCfg = Release|Any CPU
		{0F01EF0A-6D4C-49DD-972B-AA9F0E9576FA}.Release|Any CPU.Build.0 = Release|Any CPU
	EndGlobalSection
	GlobalSection(SolutionProperties) = preSolution
		HideSolutionNode = FALSE
	EndGlobalSection
	GlobalSection(ExtensibilityGlobals) = postSolution
		SolutionGuid = {B38BA80E-E4EF-4AAC-848E-3CA9625D43F0}
	EndGlobalSection
EndGlobal
